
Microsoft Visual Studio Solution File, Format Version 12.00
# Visual Studio Version 17
VisualStudioVersion = 17.0.31919.166
MinimumVisualStudioVersion = 10.0.40219.1
Project("{9A19103F-16F7-4668-BE54-9A1E7A4F7556}") = "Minever.Core", "src\Minever.Core\Minever.Core.csproj", "{55E07692-C0F7-472F-B796-67AD9F6455C3}"
EndProject
Project("{9A19103F-16F7-4668-BE54-9A1E7A4F7556}") = "Minever.Console", "src\Minever.Console\Minever.Console.csproj", "{B1790EB4-9A76-47BF-ABD8-0EE27D2473AC}"
EndProject
Project("{2150E333-8FDC-42A3-9474-1A3956D46DE8}") = "Java", "Java", "{BAD89DE4-383B-48AF-BA5B-98EB811AEEB1}"
EndProject
Project("{2150E333-8FDC-42A3-9474-1A3956D46DE8}") = "Bedrock", "Bedrock", "{86F66166-2E74-49D6-A47F-253670CB5A8D}"
EndProject
Project("{9A19103F-16F7-4668-BE54-9A1E7A4F7556}") = "Minever.Java.Protocols.V5", "src\Java\Protocols\Minever.Java.Protocols.V5\Minever.Java.Protocols.V5.csproj", "{714E7379-E6F4-4053-B203-4CF353E69916}"
EndProject
Project("{2150E333-8FDC-42A3-9474-1A3956D46DE8}") = "Protocols", "Protocols", "{128814CE-6663-4B47-A4C1-56E5053193D1}"
EndProject
Project("{9A19103F-16F7-4668-BE54-9A1E7A4F7556}") = "Minever.Bedrock.Core", "src\Bedrock\Minever.Bedrock.Core\Minever.Bedrock.Core.csproj", "{A99BEFB2-8344-403B-97D7-2A4E03D4DB91}"
EndProject
Project("{2150E333-8FDC-42A3-9474-1A3956D46DE8}") = "Protocols", "Protocols", "{165CFCC9-D0D5-4D27-B355-892CDA52BA44}"
EndProject
Project("{2150E333-8FDC-42A3-9474-1A3956D46DE8}") = ".files", ".files", "{F326DA71-4271-4001-A9E3-39846871A1B6}"
	ProjectSection(SolutionItems) = preProject
		README.md = README.md
	EndProjectSection
EndProject
Project("{9A19103F-16F7-4668-BE54-9A1E7A4F7556}") = "Minever.Universal", "src\Minever.Universal\Minever.Universal.csproj", "{0C479774-CB2E-4697-A37A-C067A781CAA4}"
EndProject
Project("{9A19103F-16F7-4668-BE54-9A1E7A4F7556}") = "Minever.Java.Core", "src\Java\Minever.Java.Core\Minever.Java.Core.csproj", "{867EA8AB-C1FC-454A-9590-BA44CC782B68}"
EndProject
Project("{9A19103F-16F7-4668-BE54-9A1E7A4F7556}") = "Minever.Java.Universal", "src\Java\Minever.Java.Universal\Minever.Java.Universal.csproj", "{AFD92A84-42AC-421A-B73F-D37706BA55E4}"
EndProject
Project("{9A19103F-16F7-4668-BE54-9A1E7A4F7556}") = "Minever.Bedrock.Universal", "src\Bedrock\Minever.Bedrock.Universal\Minever.Bedrock.Universal.csproj", "{5E74F075-EE34-453F-B2FD-BCAD895234D2}"
EndProject
Project("{9A19103F-16F7-4668-BE54-9A1E7A4F7556}") = "Minever.Client", "src\.old\Minever.Client\Minever.Client.csproj", "{54964D7B-40D1-4EEF-92B8-0F7BD84EA7C3}"
EndProject
Project("{2150E333-8FDC-42A3-9474-1A3956D46DE8}") = ".old", ".old", "{8A966111-6B51-4391-90C7-2E4BA5DDD3D4}"
EndProject
Project("{9A19103F-16F7-4668-BE54-9A1E7A4F7556}") = "Minever.Client.ConsoleApplication", "src\.old\Minever.Client.ConsoleApplication\Minever.Client.ConsoleApplication.csproj", "{DA5C6824-A66B-4203-9CD3-95EA33D57CBD}"
EndProject
Project("{9A19103F-16F7-4668-BE54-9A1E7A4F7556}") = "Minever.Networking", "src\.old\Minever.Networking\Minever.Networking.csproj", "{FB13AE1A-B5E3-4C96-9F7C-547FD5049575}"
EndProject
Global
	GlobalSection(SolutionConfigurationPlatforms) = preSolution
		Debug|Any CPU = Debug|Any CPU
		Release|Any CPU = Release|Any CPU
	EndGlobalSection
	GlobalSection(ProjectConfigurationPlatforms) = postSolution
		{55E07692-C0F7-472F-B796-67AD9F6455C3}.Debug|Any CPU.ActiveCfg = Debug|Any CPU
		{55E07692-C0F7-472F-B796-67AD9F6455C3}.Debug|Any CPU.Build.0 = Debug|Any CPU
		{55E07692-C0F7-472F-B796-67AD9F6455C3}.Release|Any CPU.ActiveCfg = Release|Any CPU
		{55E07692-C0F7-472F-B796-67AD9F6455C3}.Release|Any CPU.Build.0 = Release|Any CPU
		{B1790EB4-9A76-47BF-ABD8-0EE27D2473AC}.Debug|Any CPU.ActiveCfg = Debug|Any CPU
		{B1790EB4-9A76-47BF-ABD8-0EE27D2473AC}.Debug|Any CPU.Build.0 = Debug|Any CPU
		{B1790EB4-9A76-47BF-ABD8-0EE27D2473AC}.Release|Any CPU.ActiveCfg = Release|Any CPU
		{B1790EB4-9A76-47BF-ABD8-0EE27D2473AC}.Release|Any CPU.Build.0 = Release|Any CPU
		{714E7379-E6F4-4053-B203-4CF353E69916}.Debug|Any CPU.ActiveCfg = Debug|Any CPU
		{714E7379-E6F4-4053-B203-4CF353E69916}.Debug|Any CPU.Build.0 = Debug|Any CPU
		{714E7379-E6F4-4053-B203-4CF353E69916}.Release|Any CPU.ActiveCfg = Release|Any CPU
		{714E7379-E6F4-4053-B203-4CF353E69916}.Release|Any CPU.Build.0 = Release|Any CPU
		{A99BEFB2-8344-403B-97D7-2A4E03D4DB91}.Debug|Any CPU.ActiveCfg = Debug|Any CPU
		{A99BEFB2-8344-403B-97D7-2A4E03D4DB91}.Debug|Any CPU.Build.0 = Debug|Any CPU
		{A99BEFB2-8344-403B-97D7-2A4E03D4DB91}.Release|Any CPU.ActiveCfg = Release|Any CPU
		{A99BEFB2-8344-403B-97D7-2A4E03D4DB91}.Release|Any CPU.Build.0 = Release|Any CPU
		{0C479774-CB2E-4697-A37A-C067A781CAA4}.Debug|Any CPU.ActiveCfg = Debug|Any CPU
		{0C479774-CB2E-4697-A37A-C067A781CAA4}.Debug|Any CPU.Build.0 = Debug|Any CPU
		{0C479774-CB2E-4697-A37A-C067A781CAA4}.Release|Any CPU.ActiveCfg = Release|Any CPU
		{0C479774-CB2E-4697-A37A-C067A781CAA4}.Release|Any CPU.Build.0 = Release|Any CPU
		{867EA8AB-C1FC-454A-9590-BA44CC782B68}.Debug|Any CPU.ActiveCfg = Debug|Any CPU
		{867EA8AB-C1FC-454A-9590-BA44CC782B68}.Debug|Any CPU.Build.0 = Debug|Any CPU
		{867EA8AB-C1FC-454A-9590-BA44CC782B68}.Release|Any CPU.ActiveCfg = Release|Any CPU
		{867EA8AB-C1FC-454A-9590-BA44CC782B68}.Release|Any CPU.Build.0 = Release|Any CPU
		{AFD92A84-42AC-421A-B73F-D37706BA55E4}.Debug|Any CPU.ActiveCfg = Debug|Any CPU
		{AFD92A84-42AC-421A-B73F-D37706BA55E4}.Debug|Any CPU.Build.0 = Debug|Any CPU
		{AFD92A84-42AC-421A-B73F-D37706BA55E4}.Release|Any CPU.ActiveCfg = Release|Any CPU
		{AFD92A84-42AC-421A-B73F-D37706BA55E4}.Release|Any CPU.Build.0 = Release|Any CPU
		{5E74F075-EE34-453F-B2FD-BCAD895234D2}.Debug|Any CPU.ActiveCfg = Debug|Any CPU
		{5E74F075-EE34-453F-B2FD-BCAD895234D2}.Debug|Any CPU.Build.0 = Debug|Any CPU
		{5E74F075-EE34-453F-B2FD-BCAD895234D2}.Release|Any CPU.ActiveCfg = Release|Any CPU
		{5E74F075-EE34-453F-B2FD-BCAD895234D2}.Release|Any CPU.Build.0 = Release|Any CPU
		{54964D7B-40D1-4EEF-92B8-0F7BD84EA7C3}.Debug|Any CPU.ActiveCfg = Debug|Any CPU
		{54964D7B-40D1-4EEF-92B8-0F7BD84EA7C3}.Debug|Any CPU.Build.0 = Debug|Any CPU
		{54964D7B-40D1-4EEF-92B8-0F7BD84EA7C3}.Release|Any CPU.ActiveCfg = Release|Any CPU
		{54964D7B-40D1-4EEF-92B8-0F7BD84EA7C3}.Release|Any CPU.Build.0 = Release|Any CPU
		{DA5C6824-A66B-4203-9CD3-95EA33D57CBD}.Debug|Any CPU.ActiveCfg = Debug|Any CPU
		{DA5C6824-A66B-4203-9CD3-95EA33D57CBD}.Debug|Any CPU.Build.0 = Debug|Any CPU
		{DA5C6824-A66B-4203-9CD3-95EA33D57CBD}.Release|Any CPU.ActiveCfg = Release|Any CPU
		{DA5C6824-A66B-4203-9CD3-95EA33D57CBD}.Release|Any CPU.Build.0 = Release|Any CPU
		{FB13AE1A-B5E3-4C96-9F7C-547FD5049575}.Debug|Any CPU.ActiveCfg = Debug|Any CPU
		{FB13AE1A-B5E3-4C96-9F7C-547FD5049575}.Debug|Any CPU.Build.0 = Debug|Any CPU
		{FB13AE1A-B5E3-4C96-9F7C-547FD5049575}.Release|Any CPU.ActiveCfg = Release|Any CPU
		{FB13AE1A-B5E3-4C96-9F7C-547FD5049575}.Release|Any CPU.Build.0 = Release|Any CPU
	EndGlobalSection
	GlobalSection(SolutionProperties) = preSolution
		HideSolutionNode = FALSE
	EndGlobalSection
	GlobalSection(NestedProjects) = preSolution
		{714E7379-E6F4-4053-B203-4CF353E69916} = {128814CE-6663-4B47-A4C1-56E5053193D1}
		{128814CE-6663-4B47-A4C1-56E5053193D1} = {BAD89DE4-383B-48AF-BA5B-98EB811AEEB1}
		{A99BEFB2-8344-403B-97D7-2A4E03D4DB91} = {86F66166-2E74-49D6-A47F-253670CB5A8D}
		{165CFCC9-D0D5-4D27-B355-892CDA52BA44} = {86F66166-2E74-49D6-A47F-253670CB5A8D}
		{867EA8AB-C1FC-454A-9590-BA44CC782B68} = {BAD89DE4-383B-48AF-BA5B-98EB811AEEB1}
		{AFD92A84-42AC-421A-B73F-D37706BA55E4} = {BAD89DE4-383B-48AF-BA5B-98EB811AEEB1}
		{5E74F075-EE34-453F-B2FD-BCAD895234D2} = {86F66166-2E74-49D6-A47F-253670CB5A8D}
		{54964D7B-40D1-4EEF-92B8-0F7BD84EA7C3} = {8A966111-6B51-4391-90C7-2E4BA5DDD3D4}
		{DA5C6824-A66B-4203-9CD3-95EA33D57CBD} = {8A966111-6B51-4391-90C7-2E4BA5DDD3D4}
		{FB13AE1A-B5E3-4C96-9F7C-547FD5049575} = {8A966111-6B51-4391-90C7-2E4BA5DDD3D4}
	EndGlobalSection
	GlobalSection(ExtensibilityGlobals) = postSolution
		SolutionGuid = {4DE5E0C3-996B-4323-817D-A816D73F920E}
	EndGlobalSection
EndGlobal
